// !$*UTF8*$!
{
	archiveVersion = 1;
	classes = {
	};
	objectVersion = 56;
	objects = {

/* Begin PBXBuildFile section */
		A9151BE729DBC459007AF154 /* GlobalHandler.swift in Sources */ = {isa = PBXBuildFile; fileRef = A9151BE629DBC459007AF154 /* GlobalHandler.swift */; };
		A9151BE929DBC4BB007AF154 /* FaceHandler.swift in Sources */ = {isa = PBXBuildFile; fileRef = A9151BE829DBC4BB007AF154 /* FaceHandler.swift */; };
		A9151BEB29DBC84A007AF154 /* DetailPopupHandler.swift in Sources */ = {isa = PBXBuildFile; fileRef = A9151BEA29DBC84A007AF154 /* DetailPopupHandler.swift */; };
		A9151BED29DBCA06007AF154 /* CustomText.swift in Sources */ = {isa = PBXBuildFile; fileRef = A9151BEC29DBCA06007AF154 /* CustomText.swift */; };
		A9151BEF29DBCBEB007AF154 /* UserModel.swift in Sources */ = {isa = PBXBuildFile; fileRef = A9151BEE29DBCBEB007AF154 /* UserModel.swift */; };
		A9151BF229DBD028007AF154 /* CursorView.swift in Sources */ = {isa = PBXBuildFile; fileRef = A9151BF129DBD028007AF154 /* CursorView.swift */; };
		A940C0B529DBA0F300B98857 /* runSomeWhere_1_0_1App.swift in Sources */ = {isa = PBXBuildFile; fileRef = A940C0B429DBA0F300B98857 /* runSomeWhere_1_0_1App.swift */; };
		A940C0B729DBA0F300B98857 /* ContentView.swift in Sources */ = {isa = PBXBuildFile; fileRef = A940C0B629DBA0F300B98857 /* ContentView.swift */; };
		A940C0B929DBA0F400B98857 /* Assets.xcassets in Resources */ = {isa = PBXBuildFile; fileRef = A940C0B829DBA0F400B98857 /* Assets.xcassets */; };
		A940C0BC29DBA0F400B98857 /* Preview Assets.xcassets in Resources */ = {isa = PBXBuildFile; fileRef = A940C0BB29DBA0F400B98857 /* Preview Assets.xcassets */; };
		A940C0C629DBA0F400B98857 /* runSomeWhere_1_0_1Tests.swift in Sources */ = {isa = PBXBuildFile; fileRef = A940C0C529DBA0F400B98857 /* runSomeWhere_1_0_1Tests.swift */; };
		A940C0D029DBA0F400B98857 /* runSomeWhere_1_0_1UITests.swift in Sources */ = {isa = PBXBuildFile; fileRef = A940C0CF29DBA0F400B98857 /* runSomeWhere_1_0_1UITests.swift */; };
		A940C0D229DBA0F400B98857 /* runSomeWhere_1_0_1UITestsLaunchTests.swift in Sources */ = {isa = PBXBuildFile; fileRef = A940C0D129DBA0F400B98857 /* runSomeWhere_1_0_1UITestsLaunchTests.swift */; };
		A940C0E929DBAEE300B98857 /* CustomColor.swift in Sources */ = {isa = PBXBuildFile; fileRef = A940C0E829DBAEE300B98857 /* CustomColor.swift */; };
		A940C0EC29DBAF0500B98857 /* CustomFont.swift in Sources */ = {isa = PBXBuildFile; fileRef = A940C0EB29DBAF0500B98857 /* CustomFont.swift */; };
		A940C0F029DBAF5700B98857 /* setTimeInterval.swift in Sources */ = {isa = PBXBuildFile; fileRef = A940C0EF29DBAF5700B98857 /* setTimeInterval.swift */; };
		A940C0F229DBAF8800B98857 /* setTimeout.swift in Sources */ = {isa = PBXBuildFile; fileRef = A940C0F129DBAF8800B98857 /* setTimeout.swift */; };
		A940C0F429DBAFD800B98857 /* safeArea.swift in Sources */ = {isa = PBXBuildFile; fileRef = A940C0F329DBAFD800B98857 /* safeArea.swift */; };
		A940C0F729DBB0D600B98857 /* ScriptModel.swift in Sources */ = {isa = PBXBuildFile; fileRef = A940C0F629DBB0D600B98857 /* ScriptModel.swift */; };
		A940C0FC29DBB4AD00B98857 /* Shared.swift in Sources */ = {isa = PBXBuildFile; fileRef = A940C0FB29DBB4AD00B98857 /* Shared.swift */; };
		A940C0FE29DBB92B00B98857 /* ScriptService.swift in Sources */ = {isa = PBXBuildFile; fileRef = A940C0FD29DBB92B00B98857 /* ScriptService.swift */; };
		A940C10129DBB9E300B98857 /* ScriptHandler.swift in Sources */ = {isa = PBXBuildFile; fileRef = A940C10029DBB9E300B98857 /* ScriptHandler.swift */; };
		A940C10429DBBFD300B98857 /* SceneModel.swift in Sources */ = {isa = PBXBuildFile; fileRef = A940C10329DBBFD300B98857 /* SceneModel.swift */; };
		A940C10729DBC15600B98857 /* SceneHandler.swift in Sources */ = {isa = PBXBuildFile; fileRef = A940C10629DBC15600B98857 /* SceneHandler.swift */; };
		A940C10A29DBC23200B98857 /* QuizModel.swift in Sources */ = {isa = PBXBuildFile; fileRef = A940C10929DBC23200B98857 /* QuizModel.swift */; };
		A940C10D29DBC28C00B98857 /* QuizHanlder.swift in Sources */ = {isa = PBXBuildFile; fileRef = A940C10C29DBC28C00B98857 /* QuizHanlder.swift */; };
		A95CCC7429DC0EBD00350C76 /* SequenceBlinkView.swift in Sources */ = {isa = PBXBuildFile; fileRef = A95CCC7329DC0EBD00350C76 /* SequenceBlinkView.swift */; };
		A95CCC7629DC0ECB00350C76 /* SequenceEndingView.swift in Sources */ = {isa = PBXBuildFile; fileRef = A95CCC7529DC0ECB00350C76 /* SequenceEndingView.swift */; };
		A95CCC7829DC0ED500350C76 /* SequenceIntroView.swift in Sources */ = {isa = PBXBuildFile; fileRef = A95CCC7729DC0ED500350C76 /* SequenceIntroView.swift */; };
		A95CCC7A29DC0EE100350C76 /* SequenceOneView.swift in Sources */ = {isa = PBXBuildFile; fileRef = A95CCC7929DC0EE100350C76 /* SequenceOneView.swift */; };
		A95CCC7C29DC0EEF00350C76 /* SequenceOpeningView.swift in Sources */ = {isa = PBXBuildFile; fileRef = A95CCC7B29DC0EEF00350C76 /* SequenceOpeningView.swift */; };
		A95CCC7E29DC0EFE00350C76 /* SequenceThreeChildView.swift in Sources */ = {isa = PBXBuildFile; fileRef = A95CCC7D29DC0EFE00350C76 /* SequenceThreeChildView.swift */; };
		A95CCC8029DC0F0900350C76 /* SequenceThreeView.swift in Sources */ = {isa = PBXBuildFile; fileRef = A95CCC7F29DC0F0900350C76 /* SequenceThreeView.swift */; };
		A95CCC8229DC0F1500350C76 /* SequenceTwoView.swift in Sources */ = {isa = PBXBuildFile; fileRef = A95CCC8129DC0F1500350C76 /* SequenceTwoView.swift */; };
		A95CCC8529DC114900350C76 /* DetailPopupView.swift in Sources */ = {isa = PBXBuildFile; fileRef = A95CCC8429DC114900350C76 /* DetailPopupView.swift */; };
		A95CCC8829DC122300350C76 /* AutoDoorView.swift in Sources */ = {isa = PBXBuildFile; fileRef = A95CCC8729DC122300350C76 /* AutoDoorView.swift */; };
		A95CCC8A29DC123900350C76 /* CharacterJumpView.swift in Sources */ = {isa = PBXBuildFile; fileRef = A95CCC8929DC123900350C76 /* CharacterJumpView.swift */; };
		A95CCC8C29DC125400350C76 /* CharacterView.swift in Sources */ = {isa = PBXBuildFile; fileRef = A95CCC8B29DC125400350C76 /* CharacterView.swift */; };
		A95CCC8E29DC12A100350C76 /* CharacterView2.swift in Sources */ = {isa = PBXBuildFile; fileRef = A95CCC8D29DC12A100350C76 /* CharacterView2.swift */; };
		A95CCC9029DC12D400350C76 /* JolJolView.swift in Sources */ = {isa = PBXBuildFile; fileRef = A95CCC8F29DC12D400350C76 /* JolJolView.swift */; };
		A95CCC9229DC12FF00350C76 /* ShipPeopleView.swift in Sources */ = {isa = PBXBuildFile; fileRef = A95CCC9129DC12FF00350C76 /* ShipPeopleView.swift */; };
		A95CCC9429DC131600350C76 /* ShipView.swift in Sources */ = {isa = PBXBuildFile; fileRef = A95CCC9329DC131600350C76 /* ShipView.swift */; };
		A95CCC9629DC133400350C76 /* WindReverseView.swift in Sources */ = {isa = PBXBuildFile; fileRef = A95CCC9529DC133400350C76 /* WindReverseView.swift */; };
		A95CCC9829DC134700350C76 /* WindView.swift in Sources */ = {isa = PBXBuildFile; fileRef = A95CCC9729DC134700350C76 /* WindView.swift */; };
		A9B777DA29DBF36300E284DC /* ScriptBoxView.swift in Sources */ = {isa = PBXBuildFile; fileRef = A9B777D929DBF36300E284DC /* ScriptBoxView.swift */; };
		A9B777DC29DBF45D00E284DC /* String+Ex.swift in Sources */ = {isa = PBXBuildFile; fileRef = A9B777DB29DBF45D00E284DC /* String+Ex.swift */; };
		A9B777DE29DBFA5B00E284DC /* morris9.ttf in Resources */ = {isa = PBXBuildFile; fileRef = A9B777DD29DBFA5B00E284DC /* morris9.ttf */; };
		A9B777E229DBFB3500E284DC /* SceneView.swift in Sources */ = {isa = PBXBuildFile; fileRef = A9B777E129DBFB3500E284DC /* SceneView.swift */; };
		A9B777E529DC0B0200E284DC /* FaceView.swift in Sources */ = {isa = PBXBuildFile; fileRef = A9B777E429DC0B0200E284DC /* FaceView.swift */; };
		A9B777E729DC0C8200E284DC /* SceneBackgroundView.swift in Sources */ = {isa = PBXBuildFile; fileRef = A9B777E629DC0C8200E284DC /* SceneBackgroundView.swift */; };
		A9BA63DF29DC408A006FBD69 /* PaddleButtonView.swift in Sources */ = {isa = PBXBuildFile; fileRef = A9BA63DE29DC408A006FBD69 /* PaddleButtonView.swift */; };
		A9BA63E229DC40CC006FBD69 /* SelectCharcterView.swift in Sources */ = {isa = PBXBuildFile; fileRef = A9BA63E129DC40CC006FBD69 /* SelectCharcterView.swift */; };
		A9BA63E429DC40EB006FBD69 /* ButtonSelectCharcterView.swift in Sources */ = {isa = PBXBuildFile; fileRef = A9BA63E329DC40EB006FBD69 /* ButtonSelectCharcterView.swift */; };
		A9BA63E729DC43A1006FBD69 /* SequenceOpeningHanlder.swift in Sources */ = {isa = PBXBuildFile; fileRef = A9BA63E629DC43A1006FBD69 /* SequenceOpeningHanlder.swift */; };
/* End PBXBuildFile section */

/* Begin PBXContainerItemProxy section */
		A940C0C229DBA0F400B98857 /* PBXContainerItemProxy */ = {
			isa = PBXContainerItemProxy;
			containerPortal = A940C0A929DBA0F300B98857 /* Project object */;
			proxyType = 1;
			remoteGlobalIDString = A940C0B029DBA0F300B98857;
			remoteInfo = runSomeWhere_1.0.1;
		};
		A940C0CC29DBA0F400B98857 /* PBXContainerItemProxy */ = {
			isa = PBXContainerItemProxy;
			containerPortal = A940C0A929DBA0F300B98857 /* Project object */;
			proxyType = 1;
			remoteGlobalIDString = A940C0B029DBA0F300B98857;
			remoteInfo = runSomeWhere_1.0.1;
		};
/* End PBXContainerItemProxy section */

/* Begin PBXFileReference section */
		A9151BE629DBC459007AF154 /* GlobalHandler.swift */ = {isa = PBXFileReference; lastKnownFileType = sourcecode.swift; path = GlobalHandler.swift; sourceTree = "<group>"; };
		A9151BE829DBC4BB007AF154 /* FaceHandler.swift */ = {isa = PBXFileReference; lastKnownFileType = sourcecode.swift; path = FaceHandler.swift; sourceTree = "<group>"; };
		A9151BEA29DBC84A007AF154 /* DetailPopupHandler.swift */ = {isa = PBXFileReference; lastKnownFileType = sourcecode.swift; path = DetailPopupHandler.swift; sourceTree = "<group>"; };
		A9151BEC29DBCA06007AF154 /* CustomText.swift */ = {isa = PBXFileReference; lastKnownFileType = sourcecode.swift; path = CustomText.swift; sourceTree = "<group>"; };
		A9151BEE29DBCBEB007AF154 /* UserModel.swift */ = {isa = PBXFileReference; lastKnownFileType = sourcecode.swift; path = UserModel.swift; sourceTree = "<group>"; };
		A9151BF129DBD028007AF154 /* CursorView.swift */ = {isa = PBXFileReference; lastKnownFileType = sourcecode.swift; path = CursorView.swift; sourceTree = "<group>"; };
		A940C0B129DBA0F300B98857 /* runSomeWhere_1.0.1.app */ = {isa = PBXFileReference; explicitFileType = wrapper.application; includeInIndex = 0; path = runSomeWhere_1.0.1.app; sourceTree = BUILT_PRODUCTS_DIR; };
		A940C0B429DBA0F300B98857 /* runSomeWhere_1_0_1App.swift */ = {isa = PBXFileReference; lastKnownFileType = sourcecode.swift; path = runSomeWhere_1_0_1App.swift; sourceTree = "<group>"; };
		A940C0B629DBA0F300B98857 /* ContentView.swift */ = {isa = PBXFileReference; lastKnownFileType = sourcecode.swift; path = ContentView.swift; sourceTree = "<group>"; };
		A940C0B829DBA0F400B98857 /* Assets.xcassets */ = {isa = PBXFileReference; lastKnownFileType = folder.assetcatalog; path = Assets.xcassets; sourceTree = "<group>"; };
		A940C0BB29DBA0F400B98857 /* Preview Assets.xcassets */ = {isa = PBXFileReference; lastKnownFileType = folder.assetcatalog; path = "Preview Assets.xcassets"; sourceTree = "<group>"; };
		A940C0C129DBA0F400B98857 /* runSomeWhere_1.0.1Tests.xctest */ = {isa = PBXFileReference; explicitFileType = wrapper.cfbundle; includeInIndex = 0; path = runSomeWhere_1.0.1Tests.xctest; sourceTree = BUILT_PRODUCTS_DIR; };
		A940C0C529DBA0F400B98857 /* runSomeWhere_1_0_1Tests.swift */ = {isa = PBXFileReference; lastKnownFileType = sourcecode.swift; path = runSomeWhere_1_0_1Tests.swift; sourceTree = "<group>"; };
		A940C0CB29DBA0F400B98857 /* runSomeWhere_1.0.1UITests.xctest */ = {isa = PBXFileReference; explicitFileType = wrapper.cfbundle; includeInIndex = 0; path = runSomeWhere_1.0.1UITests.xctest; sourceTree = BUILT_PRODUCTS_DIR; };
		A940C0CF29DBA0F400B98857 /* runSomeWhere_1_0_1UITests.swift */ = {isa = PBXFileReference; lastKnownFileType = sourcecode.swift; path = runSomeWhere_1_0_1UITests.swift; sourceTree = "<group>"; };
		A940C0D129DBA0F400B98857 /* runSomeWhere_1_0_1UITestsLaunchTests.swift */ = {isa = PBXFileReference; lastKnownFileType = sourcecode.swift; path = runSomeWhere_1_0_1UITestsLaunchTests.swift; sourceTree = "<group>"; };
		A940C0DE29DBAC6100B98857 /* Readme.md */ = {isa = PBXFileReference; lastKnownFileType = net.daringfireball.markdown; path = Readme.md; sourceTree = "<group>"; };
		A940C0E829DBAEE300B98857 /* CustomColor.swift */ = {isa = PBXFileReference; lastKnownFileType = sourcecode.swift; path = CustomColor.swift; sourceTree = "<group>"; };
		A940C0EB29DBAF0500B98857 /* CustomFont.swift */ = {isa = PBXFileReference; lastKnownFileType = sourcecode.swift; path = CustomFont.swift; sourceTree = "<group>"; };
		A940C0EF29DBAF5700B98857 /* setTimeInterval.swift */ = {isa = PBXFileReference; lastKnownFileType = sourcecode.swift; path = setTimeInterval.swift; sourceTree = "<group>"; };
		A940C0F129DBAF8800B98857 /* setTimeout.swift */ = {isa = PBXFileReference; lastKnownFileType = sourcecode.swift; path = setTimeout.swift; sourceTree = "<group>"; };
		A940C0F329DBAFD800B98857 /* safeArea.swift */ = {isa = PBXFileReference; lastKnownFileType = sourcecode.swift; path = safeArea.swift; sourceTree = "<group>"; };
		A940C0F629DBB0D600B98857 /* ScriptModel.swift */ = {isa = PBXFileReference; lastKnownFileType = sourcecode.swift; path = ScriptModel.swift; sourceTree = "<group>"; };
		A940C0FB29DBB4AD00B98857 /* Shared.swift */ = {isa = PBXFileReference; lastKnownFileType = sourcecode.swift; path = Shared.swift; sourceTree = "<group>"; };
		A940C0FD29DBB92B00B98857 /* ScriptService.swift */ = {isa = PBXFileReference; lastKnownFileType = sourcecode.swift; path = ScriptService.swift; sourceTree = "<group>"; };
		A940C10029DBB9E300B98857 /* ScriptHandler.swift */ = {isa = PBXFileReference; lastKnownFileType = sourcecode.swift; path = ScriptHandler.swift; sourceTree = "<group>"; };
		A940C10329DBBFD300B98857 /* SceneModel.swift */ = {isa = PBXFileReference; lastKnownFileType = sourcecode.swift; path = SceneModel.swift; sourceTree = "<group>"; };
		A940C10629DBC15600B98857 /* SceneHandler.swift */ = {isa = PBXFileReference; lastKnownFileType = sourcecode.swift; path = SceneHandler.swift; sourceTree = "<group>"; };
		A940C10929DBC23200B98857 /* QuizModel.swift */ = {isa = PBXFileReference; lastKnownFileType = sourcecode.swift; path = QuizModel.swift; sourceTree = "<group>"; };
		A940C10C29DBC28C00B98857 /* QuizHanlder.swift */ = {isa = PBXFileReference; lastKnownFileType = sourcecode.swift; path = QuizHanlder.swift; sourceTree = "<group>"; };
		A95CCC7329DC0EBD00350C76 /* SequenceBlinkView.swift */ = {isa = PBXFileReference; lastKnownFileType = sourcecode.swift; path = SequenceBlinkView.swift; sourceTree = "<group>"; };
		A95CCC7529DC0ECB00350C76 /* SequenceEndingView.swift */ = {isa = PBXFileReference; lastKnownFileType = sourcecode.swift; path = SequenceEndingView.swift; sourceTree = "<group>"; };
		A95CCC7729DC0ED500350C76 /* SequenceIntroView.swift */ = {isa = PBXFileReference; lastKnownFileType = sourcecode.swift; path = SequenceIntroView.swift; sourceTree = "<group>"; };
		A95CCC7929DC0EE100350C76 /* SequenceOneView.swift */ = {isa = PBXFileReference; lastKnownFileType = sourcecode.swift; path = SequenceOneView.swift; sourceTree = "<group>"; };
		A95CCC7B29DC0EEF00350C76 /* SequenceOpeningView.swift */ = {isa = PBXFileReference; lastKnownFileType = sourcecode.swift; path = SequenceOpeningView.swift; sourceTree = "<group>"; };
		A95CCC7D29DC0EFE00350C76 /* SequenceThreeChildView.swift */ = {isa = PBXFileReference; lastKnownFileType = sourcecode.swift; path = SequenceThreeChildView.swift; sourceTree = "<group>"; };
		A95CCC7F29DC0F0900350C76 /* SequenceThreeView.swift */ = {isa = PBXFileReference; lastKnownFileType = sourcecode.swift; path = SequenceThreeView.swift; sourceTree = "<group>"; };
		A95CCC8129DC0F1500350C76 /* SequenceTwoView.swift */ = {isa = PBXFileReference; lastKnownFileType = sourcecode.swift; path = SequenceTwoView.swift; sourceTree = "<group>"; };
		A95CCC8429DC114900350C76 /* DetailPopupView.swift */ = {isa = PBXFileReference; lastKnownFileType = sourcecode.swift; path = DetailPopupView.swift; sourceTree = "<group>"; };
		A95CCC8729DC122300350C76 /* AutoDoorView.swift */ = {isa = PBXFileReference; lastKnownFileType = sourcecode.swift; path = AutoDoorView.swift; sourceTree = "<group>"; };
		A95CCC8929DC123900350C76 /* CharacterJumpView.swift */ = {isa = PBXFileReference; lastKnownFileType = sourcecode.swift; path = CharacterJumpView.swift; sourceTree = "<group>"; };
		A95CCC8B29DC125400350C76 /* CharacterView.swift */ = {isa = PBXFileReference; lastKnownFileType = sourcecode.swift; path = CharacterView.swift; sourceTree = "<group>"; };
		A95CCC8D29DC12A100350C76 /* CharacterView2.swift */ = {isa = PBXFileReference; lastKnownFileType = sourcecode.swift; path = CharacterView2.swift; sourceTree = "<group>"; };
		A95CCC8F29DC12D400350C76 /* JolJolView.swift */ = {isa = PBXFileReference; lastKnownFileType = sourcecode.swift; path = JolJolView.swift; sourceTree = "<group>"; };
		A95CCC9129DC12FF00350C76 /* ShipPeopleView.swift */ = {isa = PBXFileReference; lastKnownFileType = sourcecode.swift; path = ShipPeopleView.swift; sourceTree = "<group>"; };
		A95CCC9329DC131600350C76 /* ShipView.swift */ = {isa = PBXFileReference; lastKnownFileType = sourcecode.swift; path = ShipView.swift; sourceTree = "<group>"; };
		A95CCC9529DC133400350C76 /* WindReverseView.swift */ = {isa = PBXFileReference; lastKnownFileType = sourcecode.swift; path = WindReverseView.swift; sourceTree = "<group>"; };
		A95CCC9729DC134700350C76 /* WindView.swift */ = {isa = PBXFileReference; lastKnownFileType = sourcecode.swift; path = WindView.swift; sourceTree = "<group>"; };
		A9B777D929DBF36300E284DC /* ScriptBoxView.swift */ = {isa = PBXFileReference; lastKnownFileType = sourcecode.swift; path = ScriptBoxView.swift; sourceTree = "<group>"; };
		A9B777DB29DBF45D00E284DC /* String+Ex.swift */ = {isa = PBXFileReference; lastKnownFileType = sourcecode.swift; path = "String+Ex.swift"; sourceTree = "<group>"; };
		A9B777DD29DBFA5B00E284DC /* morris9.ttf */ = {isa = PBXFileReference; lastKnownFileType = file; name = morris9.ttf; path = runSomeWhere_1.0.1/Assets.xcassets/morris9.dataset/morris9.ttf; sourceTree = SOURCE_ROOT; };
		A9B777DF29DBFA9D00E284DC /* runSomeWhere-1-0-1-Info.plist */ = {isa = PBXFileReference; lastKnownFileType = text.plist; path = "runSomeWhere-1-0-1-Info.plist"; sourceTree = SOURCE_ROOT; };
		A9B777E129DBFB3500E284DC /* SceneView.swift */ = {isa = PBXFileReference; lastKnownFileType = sourcecode.swift; path = SceneView.swift; sourceTree = "<group>"; };
		A9B777E429DC0B0200E284DC /* FaceView.swift */ = {isa = PBXFileReference; lastKnownFileType = sourcecode.swift; path = FaceView.swift; sourceTree = "<group>"; };
		A9B777E629DC0C8200E284DC /* SceneBackgroundView.swift */ = {isa = PBXFileReference; lastKnownFileType = sourcecode.swift; path = SceneBackgroundView.swift; sourceTree = "<group>"; };
		A9BA63DE29DC408A006FBD69 /* PaddleButtonView.swift */ = {isa = PBXFileReference; lastKnownFileType = sourcecode.swift; path = PaddleButtonView.swift; sourceTree = "<group>"; };
		A9BA63E129DC40CC006FBD69 /* SelectCharcterView.swift */ = {isa = PBXFileReference; lastKnownFileType = sourcecode.swift; path = SelectCharcterView.swift; sourceTree = "<group>"; };
		A9BA63E329DC40EB006FBD69 /* ButtonSelectCharcterView.swift */ = {isa = PBXFileReference; lastKnownFileType = sourcecode.swift; path = ButtonSelectCharcterView.swift; sourceTree = "<group>"; };
		A9BA63E629DC43A1006FBD69 /* SequenceOpeningHanlder.swift */ = {isa = PBXFileReference; lastKnownFileType = sourcecode.swift; path = SequenceOpeningHanlder.swift; sourceTree = "<group>"; };
/* End PBXFileReference section */

/* Begin PBXFrameworksBuildPhase section */
		A940C0AE29DBA0F300B98857 /* Frameworks */ = {
			isa = PBXFrameworksBuildPhase;
			buildActionMask = 2147483647;
			files = (
			);
			runOnlyForDeploymentPostprocessing = 0;
		};
		A940C0BE29DBA0F400B98857 /* Frameworks */ = {
			isa = PBXFrameworksBuildPhase;
			buildActionMask = 2147483647;
			files = (
			);
			runOnlyForDeploymentPostprocessing = 0;
		};
		A940C0C829DBA0F400B98857 /* Frameworks */ = {
			isa = PBXFrameworksBuildPhase;
			buildActionMask = 2147483647;
			files = (
			);
			runOnlyForDeploymentPostprocessing = 0;
		};
/* End PBXFrameworksBuildPhase section */

/* Begin PBXGroup section */
		A9151BE429DBC423007AF154 /* GlobalHandlers */ = {
			isa = PBXGroup;
			children = (
				A9151BE629DBC459007AF154 /* GlobalHandler.swift */,
			);
			path = GlobalHandlers;
			sourceTree = "<group>";
		};
		A9151BE529DBC435007AF154 /* UserModels */ = {
			isa = PBXGroup;
			children = (
				A9151BEE29DBCBEB007AF154 /* UserModel.swift */,
			);
			path = UserModels;
			sourceTree = "<group>";
		};
		A9151BF029DBD00E007AF154 /* ScriptBoxViews */ = {
			isa = PBXGroup;
			children = (
				A9151BF129DBD028007AF154 /* CursorView.swift */,
				A9B777D929DBF36300E284DC /* ScriptBoxView.swift */,
			);
			path = ScriptBoxViews;
			sourceTree = "<group>";
		};
		A940C0A829DBA0F300B98857 = {
			isa = PBXGroup;
			children = (
				A940C0DE29DBAC6100B98857 /* Readme.md */,
				A940C0B329DBA0F300B98857 /* runSomeWhere_1.0.1 */,
				A940C0C429DBA0F400B98857 /* runSomeWhere_1.0.1Tests */,
				A940C0CE29DBA0F400B98857 /* runSomeWhere_1.0.1UITests */,
				A940C0B229DBA0F300B98857 /* Products */,
			);
			sourceTree = "<group>";
		};
		A940C0B229DBA0F300B98857 /* Products */ = {
			isa = PBXGroup;
			children = (
				A940C0B129DBA0F300B98857 /* runSomeWhere_1.0.1.app */,
				A940C0C129DBA0F400B98857 /* runSomeWhere_1.0.1Tests.xctest */,
				A940C0CB29DBA0F400B98857 /* runSomeWhere_1.0.1UITests.xctest */,
			);
			name = Products;
			sourceTree = "<group>";
		};
		A940C0B329DBA0F300B98857 /* runSomeWhere_1.0.1 */ = {
			isa = PBXGroup;
			children = (
				A940C0B429DBA0F300B98857 /* runSomeWhere_1_0_1App.swift */,
				A940C0B629DBA0F300B98857 /* ContentView.swift */,
				A9B777DF29DBFA9D00E284DC /* runSomeWhere-1-0-1-Info.plist */,
				A940C0B829DBA0F400B98857 /* Assets.xcassets */,
				A940C0E129DBACEA00B98857 /* Utils */,
				A940C0E329DBAD2C00B98857 /* Extensions */,
				A940C0E429DBADEC00B98857 /* Style */,
				A940C0E029DBACDD00B98857 /* Models */,
				A940C0F829DBB17400B98857 /* Services */,
				A940C0E229DBACFA00B98857 /* Handler */,
				A940C0DF29DBACD400B98857 /* Views */,
				A940C0BA29DBA0F400B98857 /* Preview Content */,
			);
			path = runSomeWhere_1.0.1;
			sourceTree = "<group>";
		};
		A940C0BA29DBA0F400B98857 /* Preview Content */ = {
			isa = PBXGroup;
			children = (
				A940C0BB29DBA0F400B98857 /* Preview Assets.xcassets */,
			);
			path = "Preview Content";
			sourceTree = "<group>";
		};
		A940C0C429DBA0F400B98857 /* runSomeWhere_1.0.1Tests */ = {
			isa = PBXGroup;
			children = (
				A940C0C529DBA0F400B98857 /* runSomeWhere_1_0_1Tests.swift */,
			);
			path = runSomeWhere_1.0.1Tests;
			sourceTree = "<group>";
		};
		A940C0CE29DBA0F400B98857 /* runSomeWhere_1.0.1UITests */ = {
			isa = PBXGroup;
			children = (
				A940C0CF29DBA0F400B98857 /* runSomeWhere_1_0_1UITests.swift */,
				A940C0D129DBA0F400B98857 /* runSomeWhere_1_0_1UITestsLaunchTests.swift */,
			);
			path = runSomeWhere_1.0.1UITests;
			sourceTree = "<group>";
		};
		A940C0DF29DBACD400B98857 /* Views */ = {
			isa = PBXGroup;
			children = (
				A9B777E029DBFB0F00E284DC /* SceneViews */,
				A9151BF029DBD00E007AF154 /* ScriptBoxViews */,
				A940C0E529DBAE0D00B98857 /* ComponentViews */,
			);
			path = Views;
			sourceTree = "<group>";
		};
		A940C0E029DBACDD00B98857 /* Models */ = {
			isa = PBXGroup;
			children = (
				A9151BE529DBC435007AF154 /* UserModels */,
				A940C10829DBC21800B98857 /* QuizModels */,
				A940C10229DBBFC300B98857 /* SceneModels */,
				A940C0FA29DBB3EE00B98857 /* GlobalModels */,
				A940C0F529DBB0A300B98857 /* ScriptModels */,
			);
			path = Models;
			sourceTree = "<group>";
		};
		A940C0E129DBACEA00B98857 /* Utils */ = {
			isa = PBXGroup;
			children = (
				A940C0EE29DBAF3F00B98857 /* WindowUtils */,
				A940C0ED29DBAF2600B98857 /* TimerUtils */,
			);
			path = Utils;
			sourceTree = "<group>";
		};
		A940C0E229DBACFA00B98857 /* Handler */ = {
			isa = PBXGroup;
			children = (
				A9151BE429DBC423007AF154 /* GlobalHandlers */,
				A940C10B29DBC27E00B98857 /* QuizHandlers */,
				A940C10529DBC14500B98857 /* SceneHandlers */,
				A940C0FF29DBB9C700B98857 /* ScriptHandlers */,
			);
			path = Handler;
			sourceTree = "<group>";
		};
		A940C0E329DBAD2C00B98857 /* Extensions */ = {
			isa = PBXGroup;
			children = (
				A9B777DB29DBF45D00E284DC /* String+Ex.swift */,
			);
			path = Extensions;
			sourceTree = "<group>";
		};
		A940C0E429DBADEC00B98857 /* Style */ = {
			isa = PBXGroup;
			children = (
				A940C0EA29DBAEF500B98857 /* Font */,
				A940C0E729DBAEC900B98857 /* Color */,
			);
			path = Style;
			sourceTree = "<group>";
		};
		A940C0E529DBAE0D00B98857 /* ComponentViews */ = {
			isa = PBXGroup;
			children = (
				A9151BEC29DBCA06007AF154 /* CustomText.swift */,
			);
			path = ComponentViews;
			sourceTree = "<group>";
		};
		A940C0E729DBAEC900B98857 /* Color */ = {
			isa = PBXGroup;
			children = (
				A940C0E829DBAEE300B98857 /* CustomColor.swift */,
			);
			path = Color;
			sourceTree = "<group>";
		};
		A940C0EA29DBAEF500B98857 /* Font */ = {
			isa = PBXGroup;
			children = (
				A9B777DD29DBFA5B00E284DC /* morris9.ttf */,
				A940C0EB29DBAF0500B98857 /* CustomFont.swift */,
			);
			path = Font;
			sourceTree = "<group>";
		};
		A940C0ED29DBAF2600B98857 /* TimerUtils */ = {
			isa = PBXGroup;
			children = (
				A940C0EF29DBAF5700B98857 /* setTimeInterval.swift */,
				A940C0F129DBAF8800B98857 /* setTimeout.swift */,
			);
			path = TimerUtils;
			sourceTree = "<group>";
		};
		A940C0EE29DBAF3F00B98857 /* WindowUtils */ = {
			isa = PBXGroup;
			children = (
				A940C0F329DBAFD800B98857 /* safeArea.swift */,
			);
			path = WindowUtils;
			sourceTree = "<group>";
		};
		A940C0F529DBB0A300B98857 /* ScriptModels */ = {
			isa = PBXGroup;
			children = (
				A940C0F629DBB0D600B98857 /* ScriptModel.swift */,
			);
			path = ScriptModels;
			sourceTree = "<group>";
		};
		A940C0F829DBB17400B98857 /* Services */ = {
			isa = PBXGroup;
			children = (
				A940C0F929DBB17D00B98857 /* ScriptServices */,
			);
			path = Services;
			sourceTree = "<group>";
		};
		A940C0F929DBB17D00B98857 /* ScriptServices */ = {
			isa = PBXGroup;
			children = (
				A940C0FD29DBB92B00B98857 /* ScriptService.swift */,
			);
			path = ScriptServices;
			sourceTree = "<group>";
		};
		A940C0FA29DBB3EE00B98857 /* GlobalModels */ = {
			isa = PBXGroup;
			children = (
				A940C0FB29DBB4AD00B98857 /* Shared.swift */,
			);
			path = GlobalModels;
			sourceTree = "<group>";
		};
		A940C0FF29DBB9C700B98857 /* ScriptHandlers */ = {
			isa = PBXGroup;
			children = (
				A940C10029DBB9E300B98857 /* ScriptHandler.swift */,
			);
			path = ScriptHandlers;
			sourceTree = "<group>";
		};
		A940C10229DBBFC300B98857 /* SceneModels */ = {
			isa = PBXGroup;
			children = (
				A940C10329DBBFD300B98857 /* SceneModel.swift */,
			);
			path = SceneModels;
			sourceTree = "<group>";
		};
		A940C10529DBC14500B98857 /* SceneHandlers */ = {
			isa = PBXGroup;
			children = (
				A9BA63E529DC4356006FBD69 /* SequenceHandlers */,
				A940C10629DBC15600B98857 /* SceneHandler.swift */,
				A9151BE829DBC4BB007AF154 /* FaceHandler.swift */,
				A9151BEA29DBC84A007AF154 /* DetailPopupHandler.swift */,
			);
			path = SceneHandlers;
			sourceTree = "<group>";
		};
		A940C10829DBC21800B98857 /* QuizModels */ = {
			isa = PBXGroup;
			children = (
				A940C10929DBC23200B98857 /* QuizModel.swift */,
			);
			path = QuizModels;
			sourceTree = "<group>";
		};
		A940C10B29DBC27E00B98857 /* QuizHandlers */ = {
			isa = PBXGroup;
			children = (
				A940C10C29DBC28C00B98857 /* QuizHanlder.swift */,
			);
			path = QuizHandlers;
			sourceTree = "<group>";
		};
		A95CCC8329DC112700350C76 /* DetailPopupViews */ = {
			isa = PBXGroup;
			children = (
				A95CCC8429DC114900350C76 /* DetailPopupView.swift */,
			);
			path = DetailPopupViews;
			sourceTree = "<group>";
		};
		A95CCC8629DC120A00350C76 /* SceneObjectViews */ = {
			isa = PBXGroup;
			children = (
				A9BA63E029DC40B2006FBD69 /* SelectCharcterViews */,
				A95CCC8729DC122300350C76 /* AutoDoorView.swift */,
				A95CCC8929DC123900350C76 /* CharacterJumpView.swift */,
				A95CCC8B29DC125400350C76 /* CharacterView.swift */,
				A95CCC8D29DC12A100350C76 /* CharacterView2.swift */,
				A95CCC8F29DC12D400350C76 /* JolJolView.swift */,
				A95CCC9129DC12FF00350C76 /* ShipPeopleView.swift */,
				A95CCC9329DC131600350C76 /* ShipView.swift */,
				A95CCC9529DC133400350C76 /* WindReverseView.swift */,
				A95CCC9729DC134700350C76 /* WindView.swift */,
				A9BA63DE29DC408A006FBD69 /* PaddleButtonView.swift */,
			);
			path = SceneObjectViews;
			sourceTree = "<group>";
		};
		A9B777E029DBFB0F00E284DC /* SceneViews */ = {
			isa = PBXGroup;
			children = (
				A95CCC8629DC120A00350C76 /* SceneObjectViews */,
				A95CCC8329DC112700350C76 /* DetailPopupViews */,
				A9B777E829DC0DE700E284DC /* SequenceViews */,
				A9B777E329DC0AF700E284DC /* FaceViews */,
				A9B777E129DBFB3500E284DC /* SceneView.swift */,
				A9B777E629DC0C8200E284DC /* SceneBackgroundView.swift */,
			);
			path = SceneViews;
			sourceTree = "<group>";
		};
		A9B777E329DC0AF700E284DC /* FaceViews */ = {
			isa = PBXGroup;
			children = (
				A9B777E429DC0B0200E284DC /* FaceView.swift */,
			);
			path = FaceViews;
			sourceTree = "<group>";
		};
		A9B777E829DC0DE700E284DC /* SequenceViews */ = {
			isa = PBXGroup;
			children = (
				A95CCC7329DC0EBD00350C76 /* SequenceBlinkView.swift */,
				A95CCC7729DC0ED500350C76 /* SequenceIntroView.swift */,
				A95CCC7B29DC0EEF00350C76 /* SequenceOpeningView.swift */,
				A95CCC7929DC0EE100350C76 /* SequenceOneView.swift */,
				A95CCC8129DC0F1500350C76 /* SequenceTwoView.swift */,
				A95CCC7D29DC0EFE00350C76 /* SequenceThreeChildView.swift */,
				A95CCC7F29DC0F0900350C76 /* SequenceThreeView.swift */,
				A95CCC7529DC0ECB00350C76 /* SequenceEndingView.swift */,
			);
			path = SequenceViews;
			sourceTree = "<group>";
		};
		A9BA63E029DC40B2006FBD69 /* SelectCharcterViews */ = {
			isa = PBXGroup;
			children = (
				A9BA63E129DC40CC006FBD69 /* SelectCharcterView.swift */,
				A9BA63E329DC40EB006FBD69 /* ButtonSelectCharcterView.swift */,
			);
			path = SelectCharcterViews;
			sourceTree = "<group>";
		};
		A9BA63E529DC4356006FBD69 /* SequenceHandlers */ = {
			isa = PBXGroup;
			children = (
				A9BA63E629DC43A1006FBD69 /* SequenceOpeningHanlder.swift */,
			);
			path = SequenceHandlers;
			sourceTree = "<group>";
		};
/* End PBXGroup section */

/* Begin PBXNativeTarget section */
		A940C0B029DBA0F300B98857 /* runSomeWhere_1.0.1 */ = {
			isa = PBXNativeTarget;
			buildConfigurationList = A940C0D529DBA0F400B98857 /* Build configuration list for PBXNativeTarget "runSomeWhere_1.0.1" */;
			buildPhases = (
				A940C0AD29DBA0F300B98857 /* Sources */,
				A940C0AE29DBA0F300B98857 /* Frameworks */,
				A940C0AF29DBA0F300B98857 /* Resources */,
			);
			buildRules = (
			);
			dependencies = (
			);
			name = runSomeWhere_1.0.1;
			productName = runSomeWhere_1.0.1;
			productReference = A940C0B129DBA0F300B98857 /* runSomeWhere_1.0.1.app */;
			productType = "com.apple.product-type.application";
		};
		A940C0C029DBA0F400B98857 /* runSomeWhere_1.0.1Tests */ = {
			isa = PBXNativeTarget;
			buildConfigurationList = A940C0D829DBA0F400B98857 /* Build configuration list for PBXNativeTarget "runSomeWhere_1.0.1Tests" */;
			buildPhases = (
				A940C0BD29DBA0F400B98857 /* Sources */,
				A940C0BE29DBA0F400B98857 /* Frameworks */,
				A940C0BF29DBA0F400B98857 /* Resources */,
			);
			buildRules = (
			);
			dependencies = (
				A940C0C329DBA0F400B98857 /* PBXTargetDependency */,
			);
			name = runSomeWhere_1.0.1Tests;
			productName = runSomeWhere_1.0.1Tests;
			productReference = A940C0C129DBA0F400B98857 /* runSomeWhere_1.0.1Tests.xctest */;
			productType = "com.apple.product-type.bundle.unit-test";
		};
		A940C0CA29DBA0F400B98857 /* runSomeWhere_1.0.1UITests */ = {
			isa = PBXNativeTarget;
			buildConfigurationList = A940C0DB29DBA0F400B98857 /* Build configuration list for PBXNativeTarget "runSomeWhere_1.0.1UITests" */;
			buildPhases = (
				A940C0C729DBA0F400B98857 /* Sources */,
				A940C0C829DBA0F400B98857 /* Frameworks */,
				A940C0C929DBA0F400B98857 /* Resources */,
			);
			buildRules = (
			);
			dependencies = (
				A940C0CD29DBA0F400B98857 /* PBXTargetDependency */,
			);
			name = runSomeWhere_1.0.1UITests;
			productName = runSomeWhere_1.0.1UITests;
			productReference = A940C0CB29DBA0F400B98857 /* runSomeWhere_1.0.1UITests.xctest */;
			productType = "com.apple.product-type.bundle.ui-testing";
		};
/* End PBXNativeTarget section */

/* Begin PBXProject section */
		A940C0A929DBA0F300B98857 /* Project object */ = {
			isa = PBXProject;
			attributes = {
				BuildIndependentTargetsInParallel = 1;
				LastSwiftUpdateCheck = 1420;
				LastUpgradeCheck = 1420;
				TargetAttributes = {
					A940C0B029DBA0F300B98857 = {
						CreatedOnToolsVersion = 14.2;
					};
					A940C0C029DBA0F400B98857 = {
						CreatedOnToolsVersion = 14.2;
						TestTargetID = A940C0B029DBA0F300B98857;
					};
					A940C0CA29DBA0F400B98857 = {
						CreatedOnToolsVersion = 14.2;
						TestTargetID = A940C0B029DBA0F300B98857;
					};
				};
			};
			buildConfigurationList = A940C0AC29DBA0F300B98857 /* Build configuration list for PBXProject "runSomeWhere_1.0.1" */;
			compatibilityVersion = "Xcode 14.0";
			developmentRegion = en;
			hasScannedForEncodings = 0;
			knownRegions = (
				en,
				Base,
			);
			mainGroup = A940C0A829DBA0F300B98857;
			productRefGroup = A940C0B229DBA0F300B98857 /* Products */;
			projectDirPath = "";
			projectRoot = "";
			targets = (
				A940C0B029DBA0F300B98857 /* runSomeWhere_1.0.1 */,
				A940C0C029DBA0F400B98857 /* runSomeWhere_1.0.1Tests */,
				A940C0CA29DBA0F400B98857 /* runSomeWhere_1.0.1UITests */,
			);
		};
/* End PBXProject section */

/* Begin PBXResourcesBuildPhase section */
		A940C0AF29DBA0F300B98857 /* Resources */ = {
			isa = PBXResourcesBuildPhase;
			buildActionMask = 2147483647;
			files = (
				A9B777DE29DBFA5B00E284DC /* morris9.ttf in Resources */,
				A940C0BC29DBA0F400B98857 /* Preview Assets.xcassets in Resources */,
				A940C0B929DBA0F400B98857 /* Assets.xcassets in Resources */,
			);
			runOnlyForDeploymentPostprocessing = 0;
		};
		A940C0BF29DBA0F400B98857 /* Resources */ = {
			isa = PBXResourcesBuildPhase;
			buildActionMask = 2147483647;
			files = (
			);
			runOnlyForDeploymentPostprocessing = 0;
		};
		A940C0C929DBA0F400B98857 /* Resources */ = {
			isa = PBXResourcesBuildPhase;
			buildActionMask = 2147483647;
			files = (
			);
			runOnlyForDeploymentPostprocessing = 0;
		};
/* End PBXResourcesBuildPhase section */

/* Begin PBXSourcesBuildPhase section */
		A940C0AD29DBA0F300B98857 /* Sources */ = {
			isa = PBXSourcesBuildPhase;
			buildActionMask = 2147483647;
			files = (
				A940C0B729DBA0F300B98857 /* ContentView.swift in Sources */,
				A95CCC7429DC0EBD00350C76 /* SequenceBlinkView.swift in Sources */,
				A940C0FC29DBB4AD00B98857 /* Shared.swift in Sources */,
				A95CCC9629DC133400350C76 /* WindReverseView.swift in Sources */,
				A940C0EC29DBAF0500B98857 /* CustomFont.swift in Sources */,
				A95CCC8E29DC12A100350C76 /* CharacterView2.swift in Sources */,
				A95CCC8C29DC125400350C76 /* CharacterView.swift in Sources */,
				A940C10129DBB9E300B98857 /* ScriptHandler.swift in Sources */,
				A95CCC8829DC122300350C76 /* AutoDoorView.swift in Sources */,
				A9151BE929DBC4BB007AF154 /* FaceHandler.swift in Sources */,
				A9B777E729DC0C8200E284DC /* SceneBackgroundView.swift in Sources */,
				A9BA63E429DC40EB006FBD69 /* ButtonSelectCharcterView.swift in Sources */,
				A95CCC7E29DC0EFE00350C76 /* SequenceThreeChildView.swift in Sources */,
				A9BA63E229DC40CC006FBD69 /* SelectCharcterView.swift in Sources */,
				A940C10729DBC15600B98857 /* SceneHandler.swift in Sources */,
				A940C0F729DBB0D600B98857 /* ScriptModel.swift in Sources */,
				A940C0FE29DBB92B00B98857 /* ScriptService.swift in Sources */,
				A940C10429DBBFD300B98857 /* SceneModel.swift in Sources */,
				A940C0B529DBA0F300B98857 /* runSomeWhere_1_0_1App.swift in Sources */,
				A95CCC9029DC12D400350C76 /* JolJolView.swift in Sources */,
				A95CCC7829DC0ED500350C76 /* SequenceIntroView.swift in Sources */,
				A940C0E929DBAEE300B98857 /* CustomColor.swift in Sources */,
				A9B777E229DBFB3500E284DC /* SceneView.swift in Sources */,
				A95CCC8A29DC123900350C76 /* CharacterJumpView.swift in Sources */,
				A9BA63DF29DC408A006FBD69 /* PaddleButtonView.swift in Sources */,
				A95CCC8029DC0F0900350C76 /* SequenceThreeView.swift in Sources */,
				A9151BF229DBD028007AF154 /* CursorView.swift in Sources */,
				A940C0F229DBAF8800B98857 /* setTimeout.swift in Sources */,
				A9B777DA29DBF36300E284DC /* ScriptBoxView.swift in Sources */,
				A95CCC8229DC0F1500350C76 /* SequenceTwoView.swift in Sources */,
				A940C0F429DBAFD800B98857 /* safeArea.swift in Sources */,
				A95CCC8529DC114900350C76 /* DetailPopupView.swift in Sources */,
				A9B777DC29DBF45D00E284DC /* String+Ex.swift in Sources */,
				A95CCC9829DC134700350C76 /* WindView.swift in Sources */,
				A940C10D29DBC28C00B98857 /* QuizHanlder.swift in Sources */,
				A95CCC7629DC0ECB00350C76 /* SequenceEndingView.swift in Sources */,
				A95CCC9229DC12FF00350C76 /* ShipPeopleView.swift in Sources */,
				A95CCC7A29DC0EE100350C76 /* SequenceOneView.swift in Sources */,
				A9151BED29DBCA06007AF154 /* CustomText.swift in Sources */,
				A9151BE729DBC459007AF154 /* GlobalHandler.swift in Sources */,
				A940C10A29DBC23200B98857 /* QuizModel.swift in Sources */,
				A95CCC9429DC131600350C76 /* ShipView.swift in Sources */,
				A9151BEB29DBC84A007AF154 /* DetailPopupHandler.swift in Sources */,
				A95CCC7C29DC0EEF00350C76 /* SequenceOpeningView.swift in Sources */,
				A9151BEF29DBCBEB007AF154 /* UserModel.swift in Sources */,
				A940C0F029DBAF5700B98857 /* setTimeInterval.swift in Sources */,
				A9BA63E729DC43A1006FBD69 /* SequenceOpeningHanlder.swift in Sources */,
				A9B777E529DC0B0200E284DC /* FaceView.swift in Sources */,
			);
			runOnlyForDeploymentPostprocessing = 0;
		};
		A940C0BD29DBA0F400B98857 /* Sources */ = {
			isa = PBXSourcesBuildPhase;
			buildActionMask = 2147483647;
			files = (
				A940C0C629DBA0F400B98857 /* runSomeWhere_1_0_1Tests.swift in Sources */,
			);
			runOnlyForDeploymentPostprocessing = 0;
		};
		A940C0C729DBA0F400B98857 /* Sources */ = {
			isa = PBXSourcesBuildPhase;
			buildActionMask = 2147483647;
			files = (
				A940C0D029DBA0F400B98857 /* runSomeWhere_1_0_1UITests.swift in Sources */,
				A940C0D229DBA0F400B98857 /* runSomeWhere_1_0_1UITestsLaunchTests.swift in Sources */,
			);
			runOnlyForDeploymentPostprocessing = 0;
		};
/* End PBXSourcesBuildPhase section */

/* Begin PBXTargetDependency section */
		A940C0C329DBA0F400B98857 /* PBXTargetDependency */ = {
			isa = PBXTargetDependency;
			target = A940C0B029DBA0F300B98857 /* runSomeWhere_1.0.1 */;
			targetProxy = A940C0C229DBA0F400B98857 /* PBXContainerItemProxy */;
		};
		A940C0CD29DBA0F400B98857 /* PBXTargetDependency */ = {
			isa = PBXTargetDependency;
			target = A940C0B029DBA0F300B98857 /* runSomeWhere_1.0.1 */;
			targetProxy = A940C0CC29DBA0F400B98857 /* PBXContainerItemProxy */;
		};
/* End PBXTargetDependency section */

/* Begin XCBuildConfiguration section */
		A940C0D329DBA0F400B98857 /* Debug */ = {
			isa = XCBuildConfiguration;
			buildSettings = {
				ALWAYS_SEARCH_USER_PATHS = NO;
				CLANG_ANALYZER_NONNULL = YES;
				CLANG_ANALYZER_NUMBER_OBJECT_CONVERSION = YES_AGGRESSIVE;
				CLANG_CXX_LANGUAGE_STANDARD = "gnu++20";
				CLANG_ENABLE_MODULES = YES;
				CLANG_ENABLE_OBJC_ARC = YES;
				CLANG_ENABLE_OBJC_WEAK = YES;
				CLANG_WARN_BLOCK_CAPTURE_AUTORELEASING = YES;
				CLANG_WARN_BOOL_CONVERSION = YES;
				CLANG_WARN_COMMA = YES;
				CLANG_WARN_CONSTANT_CONVERSION = YES;
				CLANG_WARN_DEPRECATED_OBJC_IMPLEMENTATIONS = YES;
				CLANG_WARN_DIRECT_OBJC_ISA_USAGE = YES_ERROR;
				CLANG_WARN_DOCUMENTATION_COMMENTS = YES;
				CLANG_WARN_EMPTY_BODY = YES;
				CLANG_WARN_ENUM_CONVERSION = YES;
				CLANG_WARN_INFINITE_RECURSION = YES;
				CLANG_WARN_INT_CONVERSION = YES;
				CLANG_WARN_NON_LITERAL_NULL_CONVERSION = YES;
				CLANG_WARN_OBJC_IMPLICIT_RETAIN_SELF = YES;
				CLANG_WARN_OBJC_LITERAL_CONVERSION = YES;
				CLANG_WARN_OBJC_ROOT_CLASS = YES_ERROR;
				CLANG_WARN_QUOTED_INCLUDE_IN_FRAMEWORK_HEADER = YES;
				CLANG_WARN_RANGE_LOOP_ANALYSIS = YES;
				CLANG_WARN_STRICT_PROTOTYPES = YES;
				CLANG_WARN_SUSPICIOUS_MOVE = YES;
				CLANG_WARN_UNGUARDED_AVAILABILITY = YES_AGGRESSIVE;
				CLANG_WARN_UNREACHABLE_CODE = YES;
				CLANG_WARN__DUPLICATE_METHOD_MATCH = YES;
				COPY_PHASE_STRIP = NO;
				DEBUG_INFORMATION_FORMAT = dwarf;
				ENABLE_STRICT_OBJC_MSGSEND = YES;
				ENABLE_TESTABILITY = YES;
				GCC_C_LANGUAGE_STANDARD = gnu11;
				GCC_DYNAMIC_NO_PIC = NO;
				GCC_NO_COMMON_BLOCKS = YES;
				GCC_OPTIMIZATION_LEVEL = 0;
				GCC_PREPROCESSOR_DEFINITIONS = (
					"DEBUG=1",
					"$(inherited)",
				);
				GCC_WARN_64_TO_32_BIT_CONVERSION = YES;
				GCC_WARN_ABOUT_RETURN_TYPE = YES_ERROR;
				GCC_WARN_UNDECLARED_SELECTOR = YES;
				GCC_WARN_UNINITIALIZED_AUTOS = YES_AGGRESSIVE;
				GCC_WARN_UNUSED_FUNCTION = YES;
				GCC_WARN_UNUSED_VARIABLE = YES;
				IPHONEOS_DEPLOYMENT_TARGET = 16.2;
				MTL_ENABLE_DEBUG_INFO = INCLUDE_SOURCE;
				MTL_FAST_MATH = YES;
				ONLY_ACTIVE_ARCH = YES;
				SDKROOT = iphoneos;
				SWIFT_ACTIVE_COMPILATION_CONDITIONS = DEBUG;
				SWIFT_OPTIMIZATION_LEVEL = "-Onone";
			};
			name = Debug;
		};
		A940C0D429DBA0F400B98857 /* Release */ = {
			isa = XCBuildConfiguration;
			buildSettings = {
				ALWAYS_SEARCH_USER_PATHS = NO;
				CLANG_ANALYZER_NONNULL = YES;
				CLANG_ANALYZER_NUMBER_OBJECT_CONVERSION = YES_AGGRESSIVE;
				CLANG_CXX_LANGUAGE_STANDARD = "gnu++20";
				CLANG_ENABLE_MODULES = YES;
				CLANG_ENABLE_OBJC_ARC = YES;
				CLANG_ENABLE_OBJC_WEAK = YES;
				CLANG_WARN_BLOCK_CAPTURE_AUTORELEASING = YES;
				CLANG_WARN_BOOL_CONVERSION = YES;
				CLANG_WARN_COMMA = YES;
				CLANG_WARN_CONSTANT_CONVERSION = YES;
				CLANG_WARN_DEPRECATED_OBJC_IMPLEMENTATIONS = YES;
				CLANG_WARN_DIRECT_OBJC_ISA_USAGE = YES_ERROR;
				CLANG_WARN_DOCUMENTATION_COMMENTS = YES;
				CLANG_WARN_EMPTY_BODY = YES;
				CLANG_WARN_ENUM_CONVERSION = YES;
				CLANG_WARN_INFINITE_RECURSION = YES;
				CLANG_WARN_INT_CONVERSION = YES;
				CLANG_WARN_NON_LITERAL_NULL_CONVERSION = YES;
				CLANG_WARN_OBJC_IMPLICIT_RETAIN_SELF = YES;
				CLANG_WARN_OBJC_LITERAL_CONVERSION = YES;
				CLANG_WARN_OBJC_ROOT_CLASS = YES_ERROR;
				CLANG_WARN_QUOTED_INCLUDE_IN_FRAMEWORK_HEADER = YES;
				CLANG_WARN_RANGE_LOOP_ANALYSIS = YES;
				CLANG_WARN_STRICT_PROTOTYPES = YES;
				CLANG_WARN_SUSPICIOUS_MOVE = YES;
				CLANG_WARN_UNGUARDED_AVAILABILITY = YES_AGGRESSIVE;
				CLANG_WARN_UNREACHABLE_CODE = YES;
				CLANG_WARN__DUPLICATE_METHOD_MATCH = YES;
				COPY_PHASE_STRIP = NO;
				DEBUG_INFORMATION_FORMAT = "dwarf-with-dsym";
				ENABLE_NS_ASSERTIONS = NO;
				ENABLE_STRICT_OBJC_MSGSEND = YES;
				GCC_C_LANGUAGE_STANDARD = gnu11;
				GCC_NO_COMMON_BLOCKS = YES;
				GCC_WARN_64_TO_32_BIT_CONVERSION = YES;
				GCC_WARN_ABOUT_RETURN_TYPE = YES_ERROR;
				GCC_WARN_UNDECLARED_SELECTOR = YES;
				GCC_WARN_UNINITIALIZED_AUTOS = YES_AGGRESSIVE;
				GCC_WARN_UNUSED_FUNCTION = YES;
				GCC_WARN_UNUSED_VARIABLE = YES;
				IPHONEOS_DEPLOYMENT_TARGET = 16.2;
				MTL_ENABLE_DEBUG_INFO = NO;
				MTL_FAST_MATH = YES;
				SDKROOT = iphoneos;
				SWIFT_COMPILATION_MODE = wholemodule;
				SWIFT_OPTIMIZATION_LEVEL = "-O";
				VALIDATE_PRODUCT = YES;
			};
			name = Release;
		};
		A940C0D629DBA0F400B98857 /* Debug */ = {
			isa = XCBuildConfiguration;
			buildSettings = {
				ASSETCATALOG_COMPILER_APPICON_NAME = AppIcon;
				ASSETCATALOG_COMPILER_GLOBAL_ACCENT_COLOR_NAME = AccentColor;
				CODE_SIGN_STYLE = Automatic;
				CURRENT_PROJECT_VERSION = 1;
				DEVELOPMENT_ASSET_PATHS = "\"runSomeWhere_1.0.1/Preview Content\"";
				ENABLE_PREVIEWS = YES;
				GENERATE_INFOPLIST_FILE = YES;
				INFOPLIST_FILE = "runSomeWhere-1-0-1-Info.plist";
				INFOPLIST_KEY_UIApplicationSceneManifest_Generation = YES;
				INFOPLIST_KEY_UIApplicationSupportsIndirectInputEvents = YES;
				INFOPLIST_KEY_UILaunchScreen_Generation = YES;
				INFOPLIST_KEY_UISupportedInterfaceOrientations_iPad = "UIInterfaceOrientationPortrait UIInterfaceOrientationPortraitUpsideDown UIInterfaceOrientationLandscapeLeft UIInterfaceOrientationLandscapeRight";
				INFOPLIST_KEY_UISupportedInterfaceOrientations_iPhone = "UIInterfaceOrientationPortrait UIInterfaceOrientationLandscapeLeft UIInterfaceOrientationLandscapeRight";
				LD_RUNPATH_SEARCH_PATHS = (
					"$(inherited)",
					"@executable_path/Frameworks",
				);
				MARKETING_VERSION = 1.0;
				PRODUCT_BUNDLE_IDENTIFIER = "Morning-Coffee.runSomeWhere-1-0-1";
				PRODUCT_NAME = "$(TARGET_NAME)";
				SWIFT_EMIT_LOC_STRINGS = YES;
				SWIFT_VERSION = 5.0;
				TARGETED_DEVICE_FAMILY = "1,2";
			};
			name = Debug;
		};
		A940C0D729DBA0F400B98857 /* Release */ = {
			isa = XCBuildConfiguration;
			buildSettings = {
				ASSETCATALOG_COMPILER_APPICON_NAME = AppIcon;
				ASSETCATALOG_COMPILER_GLOBAL_ACCENT_COLOR_NAME = AccentColor;
				CODE_SIGN_STYLE = Automatic;
				CURRENT_PROJECT_VERSION = 1;
				DEVELOPMENT_ASSET_PATHS = "\"runSomeWhere_1.0.1/Preview Content\"";
				ENABLE_PREVIEWS = YES;
				GENERATE_INFOPLIST_FILE = YES;
				INFOPLIST_FILE = "runSomeWhere-1-0-1-Info.plist";
				INFOPLIST_KEY_UIApplicationSceneManifest_Generation = YES;
				INFOPLIST_KEY_UIApplicationSupportsIndirectInputEvents = YES;
				INFOPLIST_KEY_UILaunchScreen_Generation = YES;
				INFOPLIST_KEY_UISupportedInterfaceOrientations_iPad = "UIInterfaceOrientationPortrait UIInterfaceOrientationPortraitUpsideDown UIInterfaceOrientationLandscapeLeft UIInterfaceOrientationLandscapeRight";
				INFOPLIST_KEY_UISupportedInterfaceOrientations_iPhone = "UIInterfaceOrientationPortrait UIInterfaceOrientationLandscapeLeft UIInterfaceOrientationLandscapeRight";
				LD_RUNPATH_SEARCH_PATHS = (
					"$(inherited)",
					"@executable_path/Frameworks",
				);
				MARKETING_VERSION = 1.0;
				PRODUCT_BUNDLE_IDENTIFIER = "Morning-Coffee.runSomeWhere-1-0-1";
				PRODUCT_NAME = "$(TARGET_NAME)";
				SWIFT_EMIT_LOC_STRINGS = YES;
				SWIFT_VERSION = 5.0;
				TARGETED_DEVICE_FAMILY = "1,2";
			};
			name = Release;
		};
		A940C0D929DBA0F400B98857 /* Debug */ = {
			isa = XCBuildConfiguration;
			buildSettings = {
				ALWAYS_EMBED_SWIFT_STANDARD_LIBRARIES = YES;
				BUNDLE_LOADER = "$(TEST_HOST)";
				CODE_SIGN_STYLE = Automatic;
				CURRENT_PROJECT_VERSION = 1;
				GENERATE_INFOPLIST_FILE = YES;
				IPHONEOS_DEPLOYMENT_TARGET = 16.2;
				MARKETING_VERSION = 1.0;
				PRODUCT_BUNDLE_IDENTIFIER = "Morning-Coffee.runSomeWhere-1-0-1Tests";
				PRODUCT_NAME = "$(TARGET_NAME)";
				SWIFT_EMIT_LOC_STRINGS = NO;
				SWIFT_VERSION = 5.0;
				TARGETED_DEVICE_FAMILY = "1,2";
				TEST_HOST = "$(BUILT_PRODUCTS_DIR)/runSomeWhere_1.0.1.app/$(BUNDLE_EXECUTABLE_FOLDER_PATH)/runSomeWhere_1.0.1";
			};
			name = Debug;
		};
		A940C0DA29DBA0F400B98857 /* Release */ = {
			isa = XCBuildConfiguration;
			buildSettings = {
				ALWAYS_EMBED_SWIFT_STANDARD_LIBRARIES = YES;
				BUNDLE_LOADER = "$(TEST_HOST)";
				CODE_SIGN_STYLE = Automatic;
				CURRENT_PROJECT_VERSION = 1;
				GENERATE_INFOPLIST_FILE = YES;
				IPHONEOS_DEPLOYMENT_TARGET = 16.2;
				MARKETING_VERSION = 1.0;
				PRODUCT_BUNDLE_IDENTIFIER = "Morning-Coffee.runSomeWhere-1-0-1Tests";
				PRODUCT_NAME = "$(TARGET_NAME)";
				SWIFT_EMIT_LOC_STRINGS = NO;
				SWIFT_VERSION = 5.0;
				TARGETED_DEVICE_FAMILY = "1,2";
				TEST_HOST = "$(BUILT_PRODUCTS_DIR)/runSomeWhere_1.0.1.app/$(BUNDLE_EXECUTABLE_FOLDER_PATH)/runSomeWhere_1.0.1";
			};
			name = Release;
		};
		A940C0DC29DBA0F400B98857 /* Debug */ = {
			isa = XCBuildConfiguration;
			buildSettings = {
				ALWAYS_EMBED_SWIFT_STANDARD_LIBRARIES = YES;
				CODE_SIGN_STYLE = Automatic;
				CURRENT_PROJECT_VERSION = 1;
				GENERATE_INFOPLIST_FILE = YES;
				MARKETING_VERSION = 1.0;
				PRODUCT_BUNDLE_IDENTIFIER = "Morning-Coffee.runSomeWhere-1-0-1UITests";
				PRODUCT_NAME = "$(TARGET_NAME)";
				SWIFT_EMIT_LOC_STRINGS = NO;
				SWIFT_VERSION = 5.0;
				TARGETED_DEVICE_FAMILY = "1,2";
				TEST_TARGET_NAME = runSomeWhere_1.0.1;
			};
			name = Debug;
		};
		A940C0DD29DBA0F400B98857 /* Release */ = {
			isa = XCBuildConfiguration;
			buildSettings = {
				ALWAYS_EMBED_SWIFT_STANDARD_LIBRARIES = YES;
				CODE_SIGN_STYLE = Automatic;
				CURRENT_PROJECT_VERSION = 1;
				GENERATE_INFOPLIST_FILE = YES;
				MARKETING_VERSION = 1.0;
				PRODUCT_BUNDLE_IDENTIFIER = "Morning-Coffee.runSomeWhere-1-0-1UITests";
				PRODUCT_NAME = "$(TARGET_NAME)";
				SWIFT_EMIT_LOC_STRINGS = NO;
				SWIFT_VERSION = 5.0;
				TARGETED_DEVICE_FAMILY = "1,2";
				TEST_TARGET_NAME = runSomeWhere_1.0.1;
			};
			name = Release;
		};
/* End XCBuildConfiguration section */

/* Begin XCConfigurationList section */
		A940C0AC29DBA0F300B98857 /* Build configuration list for PBXProject "runSomeWhere_1.0.1" */ = {
			isa = XCConfigurationList;
			buildConfigurations = (
				A940C0D329DBA0F400B98857 /* Debug */,
				A940C0D429DBA0F400B98857 /* Release */,
			);
			defaultConfigurationIsVisible = 0;
			defaultConfigurationName = Release;
		};
		A940C0D529DBA0F400B98857 /* Build configuration list for PBXNativeTarget "runSomeWhere_1.0.1" */ = {
			isa = XCConfigurationList;
			buildConfigurations = (
				A940C0D629DBA0F400B98857 /* Debug */,
				A940C0D729DBA0F400B98857 /* Release */,
			);
			defaultConfigurationIsVisible = 0;
			defaultConfigurationName = Release;
		};
		A940C0D829DBA0F400B98857 /* Build configuration list for PBXNativeTarget "runSomeWhere_1.0.1Tests" */ = {
			isa = XCConfigurationList;
			buildConfigurations = (
				A940C0D929DBA0F400B98857 /* Debug */,
				A940C0DA29DBA0F400B98857 /* Release */,
			);
			defaultConfigurationIsVisible = 0;
			defaultConfigurationName = Release;
		};
		A940C0DB29DBA0F400B98857 /* Build configuration list for PBXNativeTarget "runSomeWhere_1.0.1UITests" */ = {
			isa = XCConfigurationList;
			buildConfigurations = (
				A940C0DC29DBA0F400B98857 /* Debug */,
				A940C0DD29DBA0F400B98857 /* Release */,
			);
			defaultConfigurationIsVisible = 0;
			defaultConfigurationName = Release;
		};
/* End XCConfigurationList section */
	};
	rootObject = A940C0A929DBA0F300B98857 /* Project object */;
}
